// !$*UTF8*$!
{
	archiveVersion = 1;
	classes = {
	};
	objectVersion = 50;
	objects = {

/* Begin PBXBuildFile section */
		77662727209DD2E200FFC6BE /* AppDelegate.swift in Sources */ = {isa = PBXBuildFile; fileRef = 77662726209DD2E200FFC6BE /* AppDelegate.swift */; };
		77662729209DD2E200FFC6BE /* ViewController.swift in Sources */ = {isa = PBXBuildFile; fileRef = 77662728209DD2E200FFC6BE /* ViewController.swift */; };
		7766272C209DD2E200FFC6BE /* Main.storyboard in Resources */ = {isa = PBXBuildFile; fileRef = 7766272A209DD2E200FFC6BE /* Main.storyboard */; };
		7766272E209DD2E500FFC6BE /* Assets.xcassets in Resources */ = {isa = PBXBuildFile; fileRef = 7766272D209DD2E500FFC6BE /* Assets.xcassets */; };
		77662731209DD2E500FFC6BE /* LaunchScreen.storyboard in Resources */ = {isa = PBXBuildFile; fileRef = 7766272F209DD2E500FFC6BE /* LaunchScreen.storyboard */; };
/* End PBXBuildFile section */

/* Begin PBXFileReference section */
		77662723209DD2E200FFC6BE /* Aoto layout for Iphones.app */ = {isa = PBXFileReference; explicitFileType = wrapper.application; includeInIndex = 0; path = "Aoto layout for Iphones.app"; sourceTree = BUILT_PRODUCTS_DIR; };
		77662726209DD2E200FFC6BE /* AppDelegate.swift */ = {isa = PBXFileReference; lastKnownFileType = sourcecode.swift; path = AppDelegate.swift; sourceTree = "<group>"; };
		77662728209DD2E200FFC6BE /* ViewController.swift */ = {isa = PBXFileReference; lastKnownFileType = sourcecode.swift; path = ViewController.swift; sourceTree = "<group>"; };
		7766272B209DD2E200FFC6BE /* Base */ = {isa = PBXFileReference; lastKnownFileType = file.storyboard; name = Base; path = Base.lproj/Main.storyboard; sourceTree = "<group>"; };
		7766272D209DD2E500FFC6BE /* Assets.xcassets */ = {isa = PBXFileReference; lastKnownFileType = folder.assetcatalog; path = Assets.xcassets; sourceTree = "<group>"; };
		77662730209DD2E500FFC6BE /* Base */ = {isa = PBXFileReference; lastKnownFileType = file.storyboard; name = Base; path = Base.lproj/LaunchScreen.storyboard; sourceTree = "<group>"; };
		77662732209DD2E500FFC6BE /* Info.plist */ = {isa = PBXFileReference; lastKnownFileType = text.plist.xml; path = Info.plist; sourceTree = "<group>"; };
/* End PBXFileReference section */

/* Begin PBXFrameworksBuildPhase section */
		77662720209DD2E200FFC6BE /* Frameworks */ = {
			isa = PBXFrameworksBuildPhase;
			buildActionMask = 2147483647;
			files = (
			);
			runOnlyForDeploymentPostprocessing = 0;
		};
/* End PBXFrameworksBuildPhase section */

/* Begin PBXGroup section */
		7766271A209DD2E200FFC6BE = {
			isa = PBXGroup;
			children = (
				77662725209DD2E200FFC6BE /* Aoto layout for Iphones */,
				77662724209DD2E200FFC6BE /* Products */,
			);
			sourceTree = "<group>";
		};
		77662724209DD2E200FFC6BE /* Products */ = {
			isa = PBXGroup;
			children = (
				77662723209DD2E200FFC6BE /* Aoto layout for Iphones.app */,
			);
			name = Products;
			sourceTree = "<group>";
		};
		77662725209DD2E200FFC6BE /* Aoto layout for Iphones */ = {
			isa = PBXGroup;
			children = (
				77662726209DD2E200FFC6BE /* AppDelegate.swift */,
				77662728209DD2E200FFC6BE /* ViewController.swift */,
				7766272A209DD2E200FFC6BE /* Main.storyboard */,
				7766272D209DD2E500FFC6BE /* Assets.xcassets */,
				7766272F209DD2E500FFC6BE /* LaunchScreen.storyboard */,
				77662732209DD2E500FFC6BE /* Info.plist */,
			);
			path = "Aoto layout for Iphones";
			sourceTree = "<group>";
		};
/* End PBXGroup section */

/* Begin PBXNativeTarget section */
		77662722209DD2E200FFC6BE /* Aoto layout for Iphones */ = {
			isa = PBXNativeTarget;
			buildConfigurationList = 77662735209DD2E500FFC6BE /* Build configuration list for PBXNativeTarget "Aoto layout for Iphones" */;
			buildPhases = (
				7766271F209DD2E200FFC6BE /* Sources */,
				77662720209DD2E200FFC6BE /* Frameworks */,
				77662721209DD2E200FFC6BE /* Resources */,
			);
			buildRules = (
			);
			dependencies = (
			);
			name = "Aoto layout for Iphones";
			productName = "Aoto layout for Iphones";
			productReference = 77662723209DD2E200FFC6BE /* Aoto layout for Iphones.app */;
			productType = "com.apple.product-type.application";
		};
/* End PBXNativeTarget section */

/* Begin PBXProject section */
		7766271B209DD2E200FFC6BE /* Project object */ = {
			isa = PBXProject;
			attributes = {
				LastSwiftUpdateCheck = 0930;
				LastUpgradeCheck = 0930;
				ORGANIZATIONNAME = antonsolo;
				TargetAttributes = {
					77662722209DD2E200FFC6BE = {
						CreatedOnToolsVersion = 9.3;
					};
				};
			};
			buildConfigurationList = 7766271E209DD2E200FFC6BE /* Build configuration list for PBXProject "Aoto layout for Iphones" */;
			compatibilityVersion = "Xcode 9.3";
			developmentRegion = en;
			hasScannedForEncodings = 0;
			knownRegions = (
				en,
				Base,
			);
			mainGroup = 7766271A209DD2E200FFC6BE;
			productRefGroup = 77662724209DD2E200FFC6BE /* Products */;
			projectDirPath = "";
			projectRoot = "";
			targets = (
				77662722209DD2E200FFC6BE /* Aoto layout for Iphones */,
			);
		};
/* End PBXProject section */

/* Begin PBXResourcesBuildPhase section */
		77662721209DD2E200FFC6BE /* Resources */ = {
			isa = PBXResourcesBuildPhase;
			buildActionMask = 2147483647;
			files = (
				77662731209DD2E500FFC6BE /* LaunchScreen.storyboard in Resources */,
				7766272E209DD2E500FFC6BE /* Assets.xcassets in Resources */,
				7766272C209DD2E200FFC6BE /* Main.storyboard in Resources */,
			);
			runOnlyForDeploymentPostprocessing = 0;
		};
/* End PBXResourcesBuildPhase section */

/* Begin PBXSourcesBuildPhase section */
		7766271F209DD2E200FFC6BE /* Sources */ = {
			isa = PBXSourcesBuildPhase;
			buildActionMask = 2147483647;
			files = (
				77662729209DD2E200FFC6BE /* ViewController.swift in Sources */,
				77662727209DD2E200FFC6BE /* AppDelegate.swift in Sources */,
			);
			runOnlyForDeploymentPostprocessing = 0;
		};
/* End PBXSourcesBuildPhase section */

/* Begin PBXVariantGroup section */
		7766272A209DD2E200FFC6BE /* Main.storyboard */ = {
			isa = PBXVariantGroup;
			children = (
				7766272B209DD2E200FFC6BE /* Base */,
			);
			name = Main.storyboard;
			sourceTree = "<group>";
		};
		7766272F209DD2E500FFC6BE /* LaunchScreen.storyboard */ = {
			isa = PBXVariantGroup;
			children = (
				77662730209DD2E500FFC6BE /* Base */,
			);
			name = LaunchScreen.storyboard;
			sourceTree = "<group>";
		};
/* End PBXVariantGroup section */

/* Begin XCBuildConfiguration section */
		77662733209DD2E500FFC6BE /* Debug */ = {
			isa = XCBuildConfiguration;
			buildSettings = {
				ALWAYS_SEARCH_USER_PATHS = NO;
				CLANG_ANALYZER_NONNULL = YES;
				CLANG_ANALYZER_NUMBER_OBJECT_CONVERSION = YES_AGGRESSIVE;
				CLANG_CXX_LANGUAGE_STANDARD = "gnu++14";
				CLANG_CXX_LIBRARY = "libc++";
				CLANG_ENABLE_MODULES = YES;
				CLANG_ENABLE_OBJC_ARC = YES;
				CLANG_ENABLE_OBJC_WEAK = YES;
				CLANG_WARN_BLOCK_CAPTURE_AUTORELEASING = YES;
				CLANG_WARN_BOOL_CONVERSION = YES;
				CLANG_WARN_COMMA = YES;
				CLANG_WARN_CONSTANT_CONVERSION = YES;
				CLANG_WARN_DEPRECATED_OBJC_IMPLEMENTATIONS = YES;
				CLANG_WARN_DIRECT_OBJC_ISA_USAGE = YES_ERROR;
				CLANG_WARN_DOCUMENTATION_COMMENTS = YES;
				CLANG_WARN_EMPTY_BODY = YES;
				CLANG_WARN_ENUM_CONVERSION = YES;
				CLANG_WARN_INFINITE_RECURSION = YES;
				CLANG_WARN_INT_CONVERSION = YES;
				CLANG_WARN_NON_LITERAL_NULL_CONVERSION = YES;
				CLANG_WARN_OBJC_IMPLICIT_RETAIN_SELF = YES;
				CLANG_WARN_OBJC_LITERAL_CONVERSION = YES;
				CLANG_WARN_OBJC_ROOT_CLASS = YES_ERROR;
				CLANG_WARN_RANGE_LOOP_ANALYSIS = YES;
				CLANG_WARN_STRICT_PROTOTYPES = YES;
				CLANG_WARN_SUSPICIOUS_MOVE = YES;
				CLANG_WARN_UNGUARDED_AVAILABILITY = YES_AGGRESSIVE;
				CLANG_WARN_UNREACHABLE_CODE = YES;
				CLANG_WARN__DUPLICATE_METHOD_MATCH = YES;
				CODE_SIGN_IDENTITY = "iPhone Developer";
				COPY_PHASE_STRIP = NO;
				DEBUG_INFORMATION_FORMAT = dwarf;
				ENABLE_STRICT_OBJC_MSGSEND = YES;
				ENABLE_TESTABILITY = YES;
				GCC_C_LANGUAGE_STANDARD = gnu11;
				GCC_DYNAMIC_NO_PIC = NO;
				GCC_NO_COMMON_BLOCKS = YES;
				GCC_OPTIMIZATION_LEVEL = 0;
				GCC_PREPROCESSOR_DEFINITIONS = (
					"DEBUG=1",
					"$(inherited)",
				);
				GCC_WARN_64_TO_32_BIT_CONVERSION = YES;
				GCC_WARN_ABOUT_RETURN_TYPE = YES_ERROR;
				GCC_WARN_UNDECLARED_SELECTOR = YES;
				GCC_WARN_UNINITIALIZED_AUTOS = YES_AGGRESSIVE;
				GCC_WARN_UNUSED_FUNCTION = YES;
				GCC_WARN_UNUSED_VARIABLE = YES;
				IPHONEOS_DEPLOYMENT_TARGET = 11.3;
				MTL_ENABLE_DEBUG_INFO = YES;
				ONLY_ACTIVE_ARCH = YES;
				SDKROOT = iphoneos;
				SWIFT_ACTIVE_COMPILATION_CONDITIONS = DEBUG;
				SWIFT_OPTIMIZATION_LEVEL = "-Onone";
			};
			name = Debug;
		};
		77662734209DD2E500FFC6BE /* Release */ = {
			isa = XCBuildConfiguration;
			buildSettings = {
				ALWAYS_SEARCH_USER_PATHS = NO;
				CLANG_ANALYZER_NONNULL = YES;
				CLANG_ANALYZER_NUMBER_OBJECT_CONVERSION = YES_AGGRESSIVE;
				CLANG_CXX_LANGUAGE_STANDARD = "gnu++14";
				CLANG_CXX_LIBRARY = "libc++";
				CLANG_ENABLE_MODULES = YES;
				CLANG_ENABLE_OBJC_ARC = YES;
				CLANG_ENABLE_OBJC_WEAK = YES;
				CLANG_WARN_BLOCK_CAPTURE_AUTORELEASING = YES;
				CLANG_WARN_BOOL_CONVERSION = YES;
				CLANG_WARN_COMMA = YES;
				CLANG_WARN_CONSTANT_CONVERSION = YES;
				CLANG_WARN_DEPRECATED_OBJC_IMPLEMENTATIONS = YES;
				CLANG_WARN_DIRECT_OBJC_ISA_USAGE = YES_ERROR;
				CLANG_WARN_DOCUMENTATION_COMMENTS = YES;
				CLANG_WARN_EMPTY_BODY = YES;
				CLANG_WARN_ENUM_CONVERSION = YES;
				CLANG_WARN_INFINITE_RECURSION = YES;
				CLANG_WARN_INT_CONVERSION = YES;
				CLANG_WARN_NON_LITERAL_NULL_CONVERSION = YES;
				CLANG_WARN_OBJC_IMPLICIT_RETAIN_SELF = YES;
				CLANG_WARN_OBJC_LITERAL_CONVERSION = YES;
				CLANG_WARN_OBJC_ROOT_CLASS = YES_ERROR;
				CLANG_WARN_RANGE_LOOP_ANALYSIS = YES;
				CLANG_WARN_STRICT_PROTOTYPES = YES;
				CLANG_WARN_SUSPICIOUS_MOVE = YES;
				CLANG_WARN_UNGUARDED_AVAILABILITY = YES_AGGRESSIVE;
				CLANG_WARN_UNREACHABLE_CODE = YES;
				CLANG_WARN__DUPLICATE_METHOD_MATCH = YES;
				CODE_SIGN_IDENTITY = "iPhone Developer";
				COPY_PHASE_STRIP = NO;
				DEBUG_INFORMATION_FORMAT = "dwarf-with-dsym";
				ENABLE_NS_ASSERTIONS = NO;
				ENABLE_STRICT_OBJC_MSGSEND = YES;
				GCC_C_LANGUAGE_STANDARD = gnu11;
				GCC_NO_COMMON_BLOCKS = YES;
				GCC_WARN_64_TO_32_BIT_CONVERSION = YES;
				GCC_WARN_ABOUT_RETURN_TYPE = YES_ERROR;
				GCC_WARN_UNDECLARED_SELECTOR = YES;
				GCC_WARN_UNINITIALIZED_AUTOS = YES_AGGRESSIVE;
				GCC_WARN_UNUSED_FUNCTION = YES;
				GCC_WARN_UNUSED_VARIABLE = YES;
				IPHONEOS_DEPLOYMENT_TARGET = 11.3;
				MTL_ENABLE_DEBUG_INFO = NO;
				SDKROOT = iphoneos;
				SWIFT_COMPILATION_MODE = wholemodule;
				SWIFT_OPTIMIZATION_LEVEL = "-O";
				VALIDATE_PRODUCT = YES;
			};
			name = Release;
		};
		77662736209DD2E500FFC6BE /* Debug */ = {
			isa = XCBuildConfiguration;
			buildSettings = {
				ASSETCATALOG_COMPILER_APPICON_NAME = AppIcon;
				CODE_SIGN_STYLE = Automatic;
				DEVELOPMENT_TEAM = XGL6HPWPPW;
				INFOPLIST_FILE = "Aoto layout for Iphones/Info.plist";
				LD_RUNPATH_SEARCH_PATHS = (
					"$(inherited)",
					"@executable_path/Frameworks",
				);
				PRODUCT_BUNDLE_IDENTIFIER = "a-solo.Aoto-layout-for-Iphones";
				PRODUCT_NAME = "$(TARGET_NAME)";
				SWIFT_VERSION = 4.0;
				TARGETED_DEVICE_FAMILY = "1,2";
			};
			name = Debug;
		};
		77662737209DD2E500FFC6BE /* Release */ = {
			isa = XCBuildConfiguration;
			buildSettings = {
				ASSETCATALOG_COMPILER_APPICON_NAME = AppIcon;
				CODE_SIGN_STYLE = Automatic;
				DEVELOPMENT_TEAM = XGL6HPWPPW;
				INFOPLIST_FILE = "Aoto layout for Iphones/Info.plist";
				LD_RUNPATH_SEARCH_PATHS = (
					"$(inherited)",
					"@executable_path/Frameworks",
				);
				PRODUCT_BUNDLE_IDENTIFIER = "a-solo.Aoto-layout-for-Iphones";
				PRODUCT_NAME = "$(TARGET_NAME)";
				SWIFT_VERSION = 4.0;
				TARGETED_DEVICE_FAMILY = "1,2";
			};
			name = Release;
		};
/* End XCBuildConfiguration section */

/* Begin XCConfigurationList section */
		7766271E209DD2E200FFC6BE /* Build configuration list for PBXProject "Aoto layout for Iphones" */ = {
			isa = XCConfigurationList;
			buildConfigurations = (
				77662733209DD2E500FFC6BE /* Debug */,
				77662734209DD2E500FFC6BE /* Release */,
			);
			defaultConfigurationIsVisible = 0;
			defaultConfigurationName = Release;
		};
		77662735209DD2E500FFC6BE /* Build configuration list for PBXNativeTarget "Aoto layout for Iphones" */ = {
			isa = XCConfigurationList;
			buildConfigurations = (
				77662736209DD2E500FFC6BE /* Debug */,
				77662737209DD2E500FFC6BE /* Release */,
			);
			defaultConfigurationIsVisible = 0;
			defaultConfigurationName = Release;
		};
/* End XCConfigurationList section */
	};
	rootObject = 7766271B209DD2E200FFC6BE /* Project object */;
}
